
Microsoft Visual Studio Solution File, Format Version 12.00
# Visual Studio 15
VisualStudioVersion = 15.0.26730.15
MinimumVisualStudioVersion = 10.0.40219.1
Project("{FAE04EC0-301F-11D3-BF4B-00C04F79EFBC}") = "WinAssociatedIcon", "WinAssociatedIcon\WinAssociatedIcon.csproj", "{94931FA0-F6AC-4475-89BA-61F763CEB0F5}"
EndProject
Global
	GlobalSection(SolutionConfigurationPlatforms) = preSolution
		Debug|Any CPU = Debug|Any CPU
		Release|Any CPU = Release|Any CPU
	EndGlobalSection
	GlobalSection(ProjectConfigurationPlatforms) = postSolution
		{94931FA0-F6AC-4475-89BA-61F763CEB0F5}.Debug|Any CPU.ActiveCfg = Release|Any CPU
		{94931FA0-F6AC-4475-89BA-61F763CEB0F5}.Debug|Any CPU.Build.0 = Release|Any CPU
		{94931FA0-F6AC-4475-89BA-61F763CEB0F5}.Release|Any CPU.ActiveCfg = Release|Any CPU
		{94931FA0-F6AC-4475-89BA-61F763CEB0F5}.Release|Any CPU.Build.0 = Release|Any CPU
	EndGlobalSection
	GlobalSection(SolutionProperties) = preSolution
		HideSolutionNode = FALSE
	EndGlobalSection
	GlobalSection(ExtensibilityGlobals) = postSolution
		SolutionGuid = {74B2BBC0-3A62-4BCA-B2A8-FCAB8C9E22C1}
	EndGlobalSection
EndGlobal
