// !$*UTF8*$!
{
	archiveVersion = 1;
	classes = {
	};
	objectVersion = 46;
	objects = {

/* Begin PBXBuildFile section */
		843BDD9E1FA1F45500A70C4D /* Response.m in Sources */ = {isa = PBXBuildFile; fileRef = 843BDD9D1FA1F45500A70C4D /* Response.m */; };
		84E783211FA1DD9D006CE758 /* main.m in Sources */ = {isa = PBXBuildFile; fileRef = 84E783201FA1DD9D006CE758 /* main.m */; };
/* End PBXBuildFile section */

/* Begin PBXCopyFilesBuildPhase section */
		84E7831B1FA1DD9D006CE758 /* CopyFiles */ = {
			isa = PBXCopyFilesBuildPhase;
			buildActionMask = 2147483647;
			dstPath = /usr/share/man/man1/;
			dstSubfolderSpec = 0;
			files = (
			);
			runOnlyForDeploymentPostprocessing = 1;
		};
/* End PBXCopyFilesBuildPhase section */

/* Begin PBXFileReference section */
		843BDD9B1FA1E55A00A70C4D /* main.h */ = {isa = PBXFileReference; lastKnownFileType = sourcecode.c.h; path = main.h; sourceTree = "<group>"; };
		843BDD9C1FA1F41200A70C4D /* Response.h */ = {isa = PBXFileReference; lastKnownFileType = sourcecode.c.h; path = Response.h; sourceTree = "<group>"; };
		843BDD9D1FA1F45500A70C4D /* Response.m */ = {isa = PBXFileReference; fileEncoding = 4; lastKnownFileType = sourcecode.c.objc; path = Response.m; sourceTree = "<group>"; };
		84E7831D1FA1DD9D006CE758 /* MacAssociatedIcon */ = {isa = PBXFileReference; explicitFileType = "compiled.mach-o.executable"; includeInIndex = 0; path = MacAssociatedIcon; sourceTree = BUILT_PRODUCTS_DIR; };
		84E783201FA1DD9D006CE758 /* main.m */ = {isa = PBXFileReference; fileEncoding = 4; lastKnownFileType = sourcecode.c.objc; path = main.m; sourceTree = "<group>"; };
/* End PBXFileReference section */

/* Begin PBXFrameworksBuildPhase section */
		84E7831A1FA1DD9D006CE758 /* Frameworks */ = {
			isa = PBXFrameworksBuildPhase;
			buildActionMask = 2147483647;
			files = (
			);
			runOnlyForDeploymentPostprocessing = 0;
		};
/* End PBXFrameworksBuildPhase section */

/* Begin PBXGroup section */
		84E783141FA1DD9D006CE758 = {
			isa = PBXGroup;
			children = (
				84E7831F1FA1DD9D006CE758 /* MacAssociatedIcon */,
				84E7831E1FA1DD9D006CE758 /* Products */,
			);
			sourceTree = "<group>";
		};
		84E7831E1FA1DD9D006CE758 /* Products */ = {
			isa = PBXGroup;
			children = (
				84E7831D1FA1DD9D006CE758 /* MacAssociatedIcon */,
			);
			name = Products;
			sourceTree = "<group>";
		};
		84E7831F1FA1DD9D006CE758 /* MacAssociatedIcon */ = {
			isa = PBXGroup;
			children = (
				84E783201FA1DD9D006CE758 /* main.m */,
				843BDD9B1FA1E55A00A70C4D /* main.h */,
				843BDD9C1FA1F41200A70C4D /* Response.h */,
				843BDD9D1FA1F45500A70C4D /* Response.m */,
			);
			path = MacAssociatedIcon;
			sourceTree = "<group>";
		};
/* End PBXGroup section */

/* Begin PBXNativeTarget section */
		84E7831C1FA1DD9D006CE758 /* MacAssociatedIcon */ = {
			isa = PBXNativeTarget;
			buildConfigurationList = 84E783241FA1DD9D006CE758 /* Build configuration list for PBXNativeTarget "MacAssociatedIcon" */;
			buildPhases = (
				84E783191FA1DD9D006CE758 /* Sources */,
				84E7831A1FA1DD9D006CE758 /* Frameworks */,
				84E7831B1FA1DD9D006CE758 /* CopyFiles */,
			);
			buildRules = (
			);
			dependencies = (
			);
			name = MacAssociatedIcon;
			productName = MacAssociatedIcon;
			productReference = 84E7831D1FA1DD9D006CE758 /* MacAssociatedIcon */;
			productType = "com.apple.product-type.tool";
		};
/* End PBXNativeTarget section */

/* Begin PBXProject section */
		84E783151FA1DD9D006CE758 /* Project object */ = {
			isa = PBXProject;
			attributes = {
				LastUpgradeCheck = 0720;
				ORGANIZATIONNAME = Labs42;
				TargetAttributes = {
					84E7831C1FA1DD9D006CE758 = {
						CreatedOnToolsVersion = 7.2;
					};
				};
			};
			buildConfigurationList = 84E783181FA1DD9D006CE758 /* Build configuration list for PBXProject "MacAssociatedIcon" */;
			compatibilityVersion = "Xcode 3.2";
			developmentRegion = English;
			hasScannedForEncodings = 0;
			knownRegions = (
				en,
			);
			mainGroup = 84E783141FA1DD9D006CE758;
			productRefGroup = 84E7831E1FA1DD9D006CE758 /* Products */;
			projectDirPath = "";
			projectRoot = "";
			targets = (
				84E7831C1FA1DD9D006CE758 /* MacAssociatedIcon */,
			);
		};
/* End PBXProject section */

/* Begin PBXSourcesBuildPhase section */
		84E783191FA1DD9D006CE758 /* Sources */ = {
			isa = PBXSourcesBuildPhase;
			buildActionMask = 2147483647;
			files = (
				843BDD9E1FA1F45500A70C4D /* Response.m in Sources */,
				84E783211FA1DD9D006CE758 /* main.m in Sources */,
			);
			runOnlyForDeploymentPostprocessing = 0;
		};
/* End PBXSourcesBuildPhase section */

/* Begin XCBuildConfiguration section */
		84E783221FA1DD9D006CE758 /* Debug */ = {
			isa = XCBuildConfiguration;
			buildSettings = {
				ALWAYS_SEARCH_USER_PATHS = NO;
				CLANG_CXX_LANGUAGE_STANDARD = "gnu++0x";
				CLANG_CXX_LIBRARY = "libc++";
				CLANG_ENABLE_MODULES = YES;
				CLANG_ENABLE_OBJC_ARC = YES;
				CLANG_WARN_BOOL_CONVERSION = YES;
				CLANG_WARN_CONSTANT_CONVERSION = YES;
				CLANG_WARN_DIRECT_OBJC_ISA_USAGE = YES_ERROR;
				CLANG_WARN_EMPTY_BODY = YES;
				CLANG_WARN_ENUM_CONVERSION = YES;
				CLANG_WARN_INT_CONVERSION = YES;
				CLANG_WARN_OBJC_ROOT_CLASS = YES_ERROR;
				CLANG_WARN_UNREACHABLE_CODE = YES;
				CLANG_WARN__DUPLICATE_METHOD_MATCH = YES;
				CODE_SIGN_IDENTITY = "-";
				COPY_PHASE_STRIP = NO;
				DEBUG_INFORMATION_FORMAT = dwarf;
				ENABLE_STRICT_OBJC_MSGSEND = YES;
				ENABLE_TESTABILITY = YES;
				GCC_C_LANGUAGE_STANDARD = gnu99;
				GCC_DYNAMIC_NO_PIC = NO;
				GCC_NO_COMMON_BLOCKS = YES;
				GCC_OPTIMIZATION_LEVEL = 0;
				GCC_PREPROCESSOR_DEFINITIONS = (
					"DEBUG=1",
					"$(inherited)",
				);
				GCC_WARN_64_TO_32_BIT_CONVERSION = YES;
				GCC_WARN_ABOUT_RETURN_TYPE = YES_ERROR;
				GCC_WARN_UNDECLARED_SELECTOR = YES;
				GCC_WARN_UNINITIALIZED_AUTOS = YES_AGGRESSIVE;
				GCC_WARN_UNUSED_FUNCTION = YES;
				GCC_WARN_UNUSED_VARIABLE = YES;
				MACOSX_DEPLOYMENT_TARGET = 10.9;
				MTL_ENABLE_DEBUG_INFO = YES;
				ONLY_ACTIVE_ARCH = YES;
				SDKROOT = macosx;
			};
			name = Debug;
		};
		84E783231FA1DD9D006CE758 /* Release */ = {
			isa = XCBuildConfiguration;
			buildSettings = {
				ALWAYS_SEARCH_USER_PATHS = NO;
				CLANG_CXX_LANGUAGE_STANDARD = "gnu++0x";
				CLANG_CXX_LIBRARY = "libc++";
				CLANG_ENABLE_MODULES = YES;
				CLANG_ENABLE_OBJC_ARC = YES;
				CLANG_WARN_BOOL_CONVERSION = YES;
				CLANG_WARN_CONSTANT_CONVERSION = YES;
				CLANG_WARN_DIRECT_OBJC_ISA_USAGE = YES_ERROR;
				CLANG_WARN_EMPTY_BODY = YES;
				CLANG_WARN_ENUM_CONVERSION = YES;
				CLANG_WARN_INT_CONVERSION = YES;
				CLANG_WARN_OBJC_ROOT_CLASS = YES_ERROR;
				CLANG_WARN_UNREACHABLE_CODE = YES;
				CLANG_WARN__DUPLICATE_METHOD_MATCH = YES;
				CODE_SIGN_IDENTITY = "-";
				COPY_PHASE_STRIP = NO;
				DEBUG_INFORMATION_FORMAT = "dwarf-with-dsym";
				ENABLE_NS_ASSERTIONS = NO;
				ENABLE_STRICT_OBJC_MSGSEND = YES;
				GCC_C_LANGUAGE_STANDARD = gnu99;
				GCC_NO_COMMON_BLOCKS = YES;
				GCC_WARN_64_TO_32_BIT_CONVERSION = YES;
				GCC_WARN_ABOUT_RETURN_TYPE = YES_ERROR;
				GCC_WARN_UNDECLARED_SELECTOR = YES;
				GCC_WARN_UNINITIALIZED_AUTOS = YES_AGGRESSIVE;
				GCC_WARN_UNUSED_FUNCTION = YES;
				GCC_WARN_UNUSED_VARIABLE = YES;
				MACOSX_DEPLOYMENT_TARGET = 10.9;
				MTL_ENABLE_DEBUG_INFO = NO;
				SDKROOT = macosx;
			};
			name = Release;
		};
		84E783251FA1DD9D006CE758 /* Debug */ = {
			isa = XCBuildConfiguration;
			buildSettings = {
				ARCHS = "$(ARCHS_STANDARD_32_64_BIT)";
				CODE_SIGN_IDENTITY = "Mac Developer: rvmoldovan@gmail.com (934VP48XLJ)";
				PRODUCT_NAME = "$(TARGET_NAME)";
				PROVISIONING_PROFILE = "";
			};
			name = Debug;
		};
		84E783261FA1DD9D006CE758 /* Release */ = {
			isa = XCBuildConfiguration;
			buildSettings = {
				ARCHS = "$(ARCHS_STANDARD_32_64_BIT)";
				CODE_SIGN_IDENTITY = "Mac Developer: rvmoldovan@gmail.com (934VP48XLJ)";
				ONLY_ACTIVE_ARCH = YES;
				PRODUCT_NAME = "$(TARGET_NAME)";
				PROVISIONING_PROFILE = "";
			};
			name = Release;
		};
/* End XCBuildConfiguration section */

/* Begin XCConfigurationList section */
		84E783181FA1DD9D006CE758 /* Build configuration list for PBXProject "MacAssociatedIcon" */ = {
			isa = XCConfigurationList;
			buildConfigurations = (
				84E783221FA1DD9D006CE758 /* Debug */,
				84E783231FA1DD9D006CE758 /* Release */,
			);
			defaultConfigurationIsVisible = 0;
			defaultConfigurationName = Release;
		};
		84E783241FA1DD9D006CE758 /* Build configuration list for PBXNativeTarget "MacAssociatedIcon" */ = {
			isa = XCConfigurationList;
			buildConfigurations = (
				84E783251FA1DD9D006CE758 /* Debug */,
				84E783261FA1DD9D006CE758 /* Release */,
			);
			defaultConfigurationIsVisible = 0;
			defaultConfigurationName = Release;
		};
/* End XCConfigurationList section */
	};
	rootObject = 84E783151FA1DD9D006CE758 /* Project object */;
}
